
Microsoft Visual Studio Solution File, Format Version 12.00
# Visual Studio Version 17
VisualStudioVersion = 17.8.34330.188
MinimumVisualStudioVersion = 10.0.40219.1
Project("{FAE04EC0-301F-11D3-BF4B-00C04F79EFBC}") = "WebAPICodeFirst", "WebAPICodeFirst\WebAPICodeFirst.csproj", "{7C86B8E6-5C85-461B-BBF7-4F3E9A490BCC}"
EndProject
Global
	GlobalSection(SolutionConfigurationPlatforms) = preSolution
		Debug|Any CPU = Debug|Any CPU
		Release|Any CPU = Release|Any CPU
	EndGlobalSection
	GlobalSection(ProjectConfigurationPlatforms) = postSolution
		{7C86B8E6-5C85-461B-BBF7-4F3E9A490BCC}.Debug|Any CPU.ActiveCfg = Debug|Any CPU
		{7C86B8E6-5C85-461B-BBF7-4F3E9A490BCC}.Debug|Any CPU.Build.0 = Debug|Any CPU
		{7C86B8E6-5C85-461B-BBF7-4F3E9A490BCC}.Release|Any CPU.ActiveCfg = Release|Any CPU
		{7C86B8E6-5C85-461B-BBF7-4F3E9A490BCC}.Release|Any CPU.Build.0 = Release|Any CPU
	EndGlobalSection
	GlobalSection(SolutionProperties) = preSolution
		HideSolutionNode = FALSE
	EndGlobalSection
	GlobalSection(ExtensibilityGlobals) = postSolution
		SolutionGuid = {4E113AE0-5B62-4967-ABCF-ABF50018460E}
	EndGlobalSection
EndGlobal
